
Microsoft Visual Studio Solution File, Format Version 11.00
# Visual Studio 2010
Project("{FAE04EC0-301F-11D3-BF4B-00C04F79EFBC}") = "Griffingame", "Assembly-CSharp.csproj", "{A90EDE2A-5BC7-0566-0831-1A8E674996B7}"
EndProject
Project("{FAE04EC0-301F-11D3-BF4B-00C04F79EFBC}") = "Griffingame", "Assembly-CSharp-Editor.csproj", "{B8E86E20-7C57-C457-74B9-E4BCBD8D38F9}"
EndProject
Global
	GlobalSection(SolutionConfigurationPlatforms) = preSolution
		Debug|Any CPU = Debug|Any CPU
		Release|Any CPU = Release|Any CPU
	EndGlobalSection
	GlobalSection(ProjectConfigurationPlatforms) = postSolution
		{A90EDE2A-5BC7-0566-0831-1A8E674996B7}.Debug|Any CPU.ActiveCfg = Debug|Any CPU
		{A90EDE2A-5BC7-0566-0831-1A8E674996B7}.Debug|Any CPU.Build.0 = Debug|Any CPU
		{A90EDE2A-5BC7-0566-0831-1A8E674996B7}.Release|Any CPU.ActiveCfg = Release|Any CPU
		{A90EDE2A-5BC7-0566-0831-1A8E674996B7}.Release|Any CPU.Build.0 = Release|Any CPU
		{B8E86E20-7C57-C457-74B9-E4BCBD8D38F9}.Debug|Any CPU.ActiveCfg = Debug|Any CPU
		{B8E86E20-7C57-C457-74B9-E4BCBD8D38F9}.Debug|Any CPU.Build.0 = Debug|Any CPU
		{B8E86E20-7C57-C457-74B9-E4BCBD8D38F9}.Release|Any CPU.ActiveCfg = Release|Any CPU
		{B8E86E20-7C57-C457-74B9-E4BCBD8D38F9}.Release|Any CPU.Build.0 = Release|Any CPU
	EndGlobalSection
	GlobalSection(SolutionProperties) = preSolution
		HideSolutionNode = FALSE
	EndGlobalSection
	GlobalSection(MonoDevelopProperties) = preSolution
		StartupItem = Assembly-CSharp.csproj
	EndGlobalSection
EndGlobal
